
Microsoft Visual Studio Solution File, Format Version 12.00
# Visual Studio Version 17
VisualStudioVersion = 17.10.34707.107
MinimumVisualStudioVersion = 10.0.40219.1
Project("{FAE04EC0-301F-11D3-BF4B-00C04F79EFBC}") = "QuickDate", "QuickDate\QuickDate.csproj", "{604472AC-4543-4778-909F-0F8BADCD8F42}"
EndProject
Project("{FAE04EC0-301F-11D3-BF4B-00C04F79EFBC}") = "QuickTest", "QuickTest\QuickTest.csproj", "{D11FB53C-CA3D-454A-9395-9F0F5BF64A52}"
EndProject
Project("{9A19103F-16F7-4668-BE54-9A1E7A4F7556}") = "Calculator", "Calculator\Calculator.csproj", "{E783B8EC-C9D1-4273-8C50-9FE9F73B5E9F}"
EndProject
Project("{9A19103F-16F7-4668-BE54-9A1E7A4F7556}") = "CalculatorLibrary", "CalculatorLibrary\CalculatorLibrary.csproj", "{6290B3C4-2F0D-4536-8BBD-B047A0B83062}"
EndProject
Project("{9A19103F-16F7-4668-BE54-9A1E7A4F7556}") = "MyCoreApp", "MyCoreApp\MyCoreApp.csproj", "{38F6022F-78C6-4DE4-B9CB-E9FE272D4F46}"
EndProject
Project("{9A19103F-16F7-4668-BE54-9A1E7A4F7556}") = "WinUI3HelloWorld", "WinUI3HelloWorld\WinUI3HelloWorld.csproj", "{948BF09B-AF5C-4249-BD70-4E69AA9C603F}"
EndProject
Project("{FAE04EC0-301F-11D3-BF4B-00C04F79EFBC}") = "UWPHelloWorld", "UWPHelloWorld\UWPHelloWorld.csproj", "{02A39837-F81E-4E17-9735-6970402AAD4F}"
EndProject
Global
	GlobalSection(SolutionConfigurationPlatforms) = preSolution
		Debug|Any CPU = Debug|Any CPU
		Debug|ARM = Debug|ARM
		Debug|ARM64 = Debug|ARM64
		Debug|x64 = Debug|x64
		Debug|x86 = Debug|x86
		Release|Any CPU = Release|Any CPU
		Release|ARM = Release|ARM
		Release|ARM64 = Release|ARM64
		Release|x64 = Release|x64
		Release|x86 = Release|x86
	EndGlobalSection
	GlobalSection(ProjectConfigurationPlatforms) = postSolution
		{604472AC-4543-4778-909F-0F8BADCD8F42}.Debug|Any CPU.ActiveCfg = Debug|Any CPU
		{604472AC-4543-4778-909F-0F8BADCD8F42}.Debug|Any CPU.Build.0 = Debug|Any CPU
		{604472AC-4543-4778-909F-0F8BADCD8F42}.Debug|ARM.ActiveCfg = Debug|Any CPU
		{604472AC-4543-4778-909F-0F8BADCD8F42}.Debug|ARM.Build.0 = Debug|Any CPU
		{604472AC-4543-4778-909F-0F8BADCD8F42}.Debug|ARM64.ActiveCfg = Debug|Any CPU
		{604472AC-4543-4778-909F-0F8BADCD8F42}.Debug|ARM64.Build.0 = Debug|Any CPU
		{604472AC-4543-4778-909F-0F8BADCD8F42}.Debug|x64.ActiveCfg = Debug|Any CPU
		{604472AC-4543-4778-909F-0F8BADCD8F42}.Debug|x64.Build.0 = Debug|Any CPU
		{604472AC-4543-4778-909F-0F8BADCD8F42}.Debug|x86.ActiveCfg = Debug|Any CPU
		{604472AC-4543-4778-909F-0F8BADCD8F42}.Debug|x86.Build.0 = Debug|Any CPU
		{604472AC-4543-4778-909F-0F8BADCD8F42}.Release|Any CPU.ActiveCfg = Release|Any CPU
		{604472AC-4543-4778-909F-0F8BADCD8F42}.Release|Any CPU.Build.0 = Release|Any CPU
		{604472AC-4543-4778-909F-0F8BADCD8F42}.Release|ARM.ActiveCfg = Release|Any CPU
		{604472AC-4543-4778-909F-0F8BADCD8F42}.Release|ARM.Build.0 = Release|Any CPU
		{604472AC-4543-4778-909F-0F8BADCD8F42}.Release|ARM64.ActiveCfg = Release|Any CPU
		{604472AC-4543-4778-909F-0F8BADCD8F42}.Release|ARM64.Build.0 = Release|Any CPU
		{604472AC-4543-4778-909F-0F8BADCD8F42}.Release|x64.ActiveCfg = Release|Any CPU
		{604472AC-4543-4778-909F-0F8BADCD8F42}.Release|x64.Build.0 = Release|Any CPU
		{604472AC-4543-4778-909F-0F8BADCD8F42}.Release|x86.ActiveCfg = Release|Any CPU
		{604472AC-4543-4778-909F-0F8BADCD8F42}.Release|x86.Build.0 = Release|Any CPU
		{D11FB53C-CA3D-454A-9395-9F0F5BF64A52}.Debug|Any CPU.ActiveCfg = Debug|Any CPU
		{D11FB53C-CA3D-454A-9395-9F0F5BF64A52}.Debug|Any CPU.Build.0 = Debug|Any CPU
		{D11FB53C-CA3D-454A-9395-9F0F5BF64A52}.Debug|ARM.ActiveCfg = Debug|Any CPU
		{D11FB53C-CA3D-454A-9395-9F0F5BF64A52}.Debug|ARM.Build.0 = Debug|Any CPU
		{D11FB53C-CA3D-454A-9395-9F0F5BF64A52}.Debug|ARM64.ActiveCfg = Debug|Any CPU
		{D11FB53C-CA3D-454A-9395-9F0F5BF64A52}.Debug|ARM64.Build.0 = Debug|Any CPU
		{D11FB53C-CA3D-454A-9395-9F0F5BF64A52}.Debug|x64.ActiveCfg = Debug|Any CPU
		{D11FB53C-CA3D-454A-9395-9F0F5BF64A52}.Debug|x64.Build.0 = Debug|Any CPU
		{D11FB53C-CA3D-454A-9395-9F0F5BF64A52}.Debug|x86.ActiveCfg = Debug|Any CPU
		{D11FB53C-CA3D-454A-9395-9F0F5BF64A52}.Debug|x86.Build.0 = Debug|Any CPU
		{D11FB53C-CA3D-454A-9395-9F0F5BF64A52}.Release|Any CPU.ActiveCfg = Release|Any CPU
		{D11FB53C-CA3D-454A-9395-9F0F5BF64A52}.Release|Any CPU.Build.0 = Release|Any CPU
		{D11FB53C-CA3D-454A-9395-9F0F5BF64A52}.Release|ARM.ActiveCfg = Release|Any CPU
		{D11FB53C-CA3D-454A-9395-9F0F5BF64A52}.Release|ARM.Build.0 = Release|Any CPU
		{D11FB53C-CA3D-454A-9395-9F0F5BF64A52}.Release|ARM64.ActiveCfg = Release|Any CPU
		{D11FB53C-CA3D-454A-9395-9F0F5BF64A52}.Release|ARM64.Build.0 = Release|Any CPU
		{D11FB53C-CA3D-454A-9395-9F0F5BF64A52}.Release|x64.ActiveCfg = Release|Any CPU
		{D11FB53C-CA3D-454A-9395-9F0F5BF64A52}.Release|x64.Build.0 = Release|Any CPU
		{D11FB53C-CA3D-454A-9395-9F0F5BF64A52}.Release|x86.ActiveCfg = Release|Any CPU
		{D11FB53C-CA3D-454A-9395-9F0F5BF64A52}.Release|x86.Build.0 = Release|Any CPU
		{E783B8EC-C9D1-4273-8C50-9FE9F73B5E9F}.Debug|Any CPU.ActiveCfg = Debug|Any CPU
		{E783B8EC-C9D1-4273-8C50-9FE9F73B5E9F}.Debug|Any CPU.Build.0 = Debug|Any CPU
		{E783B8EC-C9D1-4273-8C50-9FE9F73B5E9F}.Debug|ARM.ActiveCfg = Debug|Any CPU
		{E783B8EC-C9D1-4273-8C50-9FE9F73B5E9F}.Debug|ARM.Build.0 = Debug|Any CPU
		{E783B8EC-C9D1-4273-8C50-9FE9F73B5E9F}.Debug|ARM64.ActiveCfg = Debug|Any CPU
		{E783B8EC-C9D1-4273-8C50-9FE9F73B5E9F}.Debug|ARM64.Build.0 = Debug|Any CPU
		{E783B8EC-C9D1-4273-8C50-9FE9F73B5E9F}.Debug|x64.ActiveCfg = Debug|Any CPU
		{E783B8EC-C9D1-4273-8C50-9FE9F73B5E9F}.Debug|x64.Build.0 = Debug|Any CPU
		{E783B8EC-C9D1-4273-8C50-9FE9F73B5E9F}.Debug|x86.ActiveCfg = Debug|Any CPU
		{E783B8EC-C9D1-4273-8C50-9FE9F73B5E9F}.Debug|x86.Build.0 = Debug|Any CPU
		{E783B8EC-C9D1-4273-8C50-9FE9F73B5E9F}.Release|Any CPU.ActiveCfg = Release|Any CPU
		{E783B8EC-C9D1-4273-8C50-9FE9F73B5E9F}.Release|Any CPU.Build.0 = Release|Any CPU
		{E783B8EC-C9D1-4273-8C50-9FE9F73B5E9F}.Release|ARM.ActiveCfg = Release|Any CPU
		{E783B8EC-C9D1-4273-8C50-9FE9F73B5E9F}.Release|ARM.Build.0 = Release|Any CPU
		{E783B8EC-C9D1-4273-8C50-9FE9F73B5E9F}.Release|ARM64.ActiveCfg = Release|Any CPU
		{E783B8EC-C9D1-4273-8C50-9FE9F73B5E9F}.Release|ARM64.Build.0 = Release|Any CPU
		{E783B8EC-C9D1-4273-8C50-9FE9F73B5E9F}.Release|x64.ActiveCfg = Release|Any CPU
		{E783B8EC-C9D1-4273-8C50-9FE9F73B5E9F}.Release|x64.Build.0 = Release|Any CPU
		{E783B8EC-C9D1-4273-8C50-9FE9F73B5E9F}.Release|x86.ActiveCfg = Release|Any CPU
		{E783B8EC-C9D1-4273-8C50-9FE9F73B5E9F}.Release|x86.Build.0 = Release|Any CPU
		{6290B3C4-2F0D-4536-8BBD-B047A0B83062}.Debug|Any CPU.ActiveCfg = Debug|Any CPU
		{6290B3C4-2F0D-4536-8BBD-B047A0B83062}.Debug|Any CPU.Build.0 = Debug|Any CPU
		{6290B3C4-2F0D-4536-8BBD-B047A0B83062}.Debug|ARM.ActiveCfg = Debug|Any CPU
		{6290B3C4-2F0D-4536-8BBD-B047A0B83062}.Debug|ARM.Build.0 = Debug|Any CPU
		{6290B3C4-2F0D-4536-8BBD-B047A0B83062}.Debug|ARM64.ActiveCfg = Debug|Any CPU
		{6290B3C4-2F0D-4536-8BBD-B047A0B83062}.Debug|ARM64.Build.0 = Debug|Any CPU
		{6290B3C4-2F0D-4536-8BBD-B047A0B83062}.Debug|x64.ActiveCfg = Debug|Any CPU
		{6290B3C4-2F0D-4536-8BBD-B047A0B83062}.Debug|x64.Build.0 = Debug|Any CPU
		{6290B3C4-2F0D-4536-8BBD-B047A0B83062}.Debug|x86.ActiveCfg = Debug|Any CPU
		{6290B3C4-2F0D-4536-8BBD-B047A0B83062}.Debug|x86.Build.0 = Debug|Any CPU
		{6290B3C4-2F0D-4536-8BBD-B047A0B83062}.Release|Any CPU.ActiveCfg = Release|Any CPU
		{6290B3C4-2F0D-4536-8BBD-B047A0B83062}.Release|Any CPU.Build.0 = Release|Any CPU
		{6290B3C4-2F0D-4536-8BBD-B047A0B83062}.Release|ARM.ActiveCfg = Release|Any CPU
		{6290B3C4-2F0D-4536-8BBD-B047A0B83062}.Release|ARM.Build.0 = Release|Any CPU
		{6290B3C4-2F0D-4536-8BBD-B047A0B83062}.Release|ARM64.ActiveCfg = Release|Any CPU
		{6290B3C4-2F0D-4536-8BBD-B047A0B83062}.Release|ARM64.Build.0 = Release|Any CPU
		{6290B3C4-2F0D-4536-8BBD-B047A0B83062}.Release|x64.ActiveCfg = Release|Any CPU
		{6290B3C4-2F0D-4536-8BBD-B047A0B83062}.Release|x64.Build.0 = Release|Any CPU
		{6290B3C4-2F0D-4536-8BBD-B047A0B83062}.Release|x86.ActiveCfg = Release|Any CPU
		{6290B3C4-2F0D-4536-8BBD-B047A0B83062}.Release|x86.Build.0 = Release|Any CPU
		{38F6022F-78C6-4DE4-B9CB-E9FE272D4F46}.Debug|Any CPU.ActiveCfg = Debug|Any CPU
		{38F6022F-78C6-4DE4-B9CB-E9FE272D4F46}.Debug|Any CPU.Build.0 = Debug|Any CPU
		{38F6022F-78C6-4DE4-B9CB-E9FE272D4F46}.Debug|ARM.ActiveCfg = Debug|Any CPU
		{38F6022F-78C6-4DE4-B9CB-E9FE272D4F46}.Debug|ARM.Build.0 = Debug|Any CPU
		{38F6022F-78C6-4DE4-B9CB-E9FE272D4F46}.Debug|ARM64.ActiveCfg = Debug|Any CPU
		{38F6022F-78C6-4DE4-B9CB-E9FE272D4F46}.Debug|ARM64.Build.0 = Debug|Any CPU
		{38F6022F-78C6-4DE4-B9CB-E9FE272D4F46}.Debug|x64.ActiveCfg = Debug|Any CPU
		{38F6022F-78C6-4DE4-B9CB-E9FE272D4F46}.Debug|x64.Build.0 = Debug|Any CPU
		{38F6022F-78C6-4DE4-B9CB-E9FE272D4F46}.Debug|x86.ActiveCfg = Debug|Any CPU
		{38F6022F-78C6-4DE4-B9CB-E9FE272D4F46}.Debug|x86.Build.0 = Debug|Any CPU
		{38F6022F-78C6-4DE4-B9CB-E9FE272D4F46}.Release|Any CPU.ActiveCfg = Release|Any CPU
		{38F6022F-78C6-4DE4-B9CB-E9FE272D4F46}.Release|Any CPU.Build.0 = Release|Any CPU
		{38F6022F-78C6-4DE4-B9CB-E9FE272D4F46}.Release|ARM.ActiveCfg = Release|Any CPU
		{38F6022F-78C6-4DE4-B9CB-E9FE272D4F46}.Release|ARM.Build.0 = Release|Any CPU
		{38F6022F-78C6-4DE4-B9CB-E9FE272D4F46}.Release|ARM64.ActiveCfg = Release|Any CPU
		{38F6022F-78C6-4DE4-B9CB-E9FE272D4F46}.Release|ARM64.Build.0 = Release|Any CPU
		{38F6022F-78C6-4DE4-B9CB-E9FE272D4F46}.Release|x64.ActiveCfg = Release|Any CPU
		{38F6022F-78C6-4DE4-B9CB-E9FE272D4F46}.Release|x64.Build.0 = Release|Any CPU
		{38F6022F-78C6-4DE4-B9CB-E9FE272D4F46}.Release|x86.ActiveCfg = Release|Any CPU
		{38F6022F-78C6-4DE4-B9CB-E9FE272D4F46}.Release|x86.Build.0 = Release|Any CPU
		{948BF09B-AF5C-4249-BD70-4E69AA9C603F}.Debug|Any CPU.ActiveCfg = Debug|x64
		{948BF09B-AF5C-4249-BD70-4E69AA9C603F}.Debug|Any CPU.Build.0 = Debug|x64
		{948BF09B-AF5C-4249-BD70-4E69AA9C603F}.Debug|Any CPU.Deploy.0 = Debug|x64
		{948BF09B-AF5C-4249-BD70-4E69AA9C603F}.Debug|ARM.ActiveCfg = Debug|x64
		{948BF09B-AF5C-4249-BD70-4E69AA9C603F}.Debug|ARM.Build.0 = Debug|x64
		{948BF09B-AF5C-4249-BD70-4E69AA9C603F}.Debug|ARM.Deploy.0 = Debug|x64
		{948BF09B-AF5C-4249-BD70-4E69AA9C603F}.Debug|ARM64.ActiveCfg = Debug|ARM64
		{948BF09B-AF5C-4249-BD70-4E69AA9C603F}.Debug|ARM64.Build.0 = Debug|ARM64
		{948BF09B-AF5C-4249-BD70-4E69AA9C603F}.Debug|ARM64.Deploy.0 = Debug|ARM64
		{948BF09B-AF5C-4249-BD70-4E69AA9C603F}.Debug|x64.ActiveCfg = Debug|x64
		{948BF09B-AF5C-4249-BD70-4E69AA9C603F}.Debug|x64.Build.0 = Debug|x64
		{948BF09B-AF5C-4249-BD70-4E69AA9C603F}.Debug|x64.Deploy.0 = Debug|x64
		{948BF09B-AF5C-4249-BD70-4E69AA9C603F}.Debug|x86.ActiveCfg = Debug|x86
		{948BF09B-AF5C-4249-BD70-4E69AA9C603F}.Debug|x86.Build.0 = Debug|x86
		{948BF09B-AF5C-4249-BD70-4E69AA9C603F}.Debug|x86.Deploy.0 = Debug|x86
		{948BF09B-AF5C-4249-BD70-4E69AA9C603F}.Release|Any CPU.ActiveCfg = Release|x64
		{948BF09B-AF5C-4249-BD70-4E69AA9C603F}.Release|Any CPU.Build.0 = Release|x64
		{948BF09B-AF5C-4249-BD70-4E69AA9C603F}.Release|Any CPU.Deploy.0 = Release|x64
		{948BF09B-AF5C-4249-BD70-4E69AA9C603F}.Release|ARM.ActiveCfg = Release|x64
		{948BF09B-AF5C-4249-BD70-4E69AA9C603F}.Release|ARM.Build.0 = Release|x64
		{948BF09B-AF5C-4249-BD70-4E69AA9C603F}.Release|ARM.Deploy.0 = Release|x64
		{948BF09B-AF5C-4249-BD70-4E69AA9C603F}.Release|ARM64.ActiveCfg = Release|ARM64
		{948BF09B-AF5C-4249-BD70-4E69AA9C603F}.Release|ARM64.Build.0 = Release|ARM64
		{948BF09B-AF5C-4249-BD70-4E69AA9C603F}.Release|ARM64.Deploy.0 = Release|ARM64
		{948BF09B-AF5C-4249-BD70-4E69AA9C603F}.Release|x64.ActiveCfg = Release|x64
		{948BF09B-AF5C-4249-BD70-4E69AA9C603F}.Release|x64.Build.0 = Release|x64
		{948BF09B-AF5C-4249-BD70-4E69AA9C603F}.Release|x64.Deploy.0 = Release|x64
		{948BF09B-AF5C-4249-BD70-4E69AA9C603F}.Release|x86.ActiveCfg = Release|x86
		{948BF09B-AF5C-4249-BD70-4E69AA9C603F}.Release|x86.Build.0 = Release|x86
		{948BF09B-AF5C-4249-BD70-4E69AA9C603F}.Release|x86.Deploy.0 = Release|x86
		{02A39837-F81E-4E17-9735-6970402AAD4F}.Debug|Any CPU.ActiveCfg = Debug|x64
		{02A39837-F81E-4E17-9735-6970402AAD4F}.Debug|Any CPU.Build.0 = Debug|x64
		{02A39837-F81E-4E17-9735-6970402AAD4F}.Debug|Any CPU.Deploy.0 = Debug|x64
		{02A39837-F81E-4E17-9735-6970402AAD4F}.Debug|ARM.ActiveCfg = Debug|ARM
		{02A39837-F81E-4E17-9735-6970402AAD4F}.Debug|ARM.Build.0 = Debug|ARM
		{02A39837-F81E-4E17-9735-6970402AAD4F}.Debug|ARM.Deploy.0 = Debug|ARM
		{02A39837-F81E-4E17-9735-6970402AAD4F}.Debug|ARM64.ActiveCfg = Debug|ARM64
		{02A39837-F81E-4E17-9735-6970402AAD4F}.Debug|ARM64.Build.0 = Debug|ARM64
		{02A39837-F81E-4E17-9735-6970402AAD4F}.Debug|ARM64.Deploy.0 = Debug|ARM64
		{02A39837-F81E-4E17-9735-6970402AAD4F}.Debug|x64.ActiveCfg = Debug|x64
		{02A39837-F81E-4E17-9735-6970402AAD4F}.Debug|x64.Build.0 = Debug|x64
		{02A39837-F81E-4E17-9735-6970402AAD4F}.Debug|x64.Deploy.0 = Debug|x64
		{02A39837-F81E-4E17-9735-6970402AAD4F}.Debug|x86.ActiveCfg = Debug|x86
		{02A39837-F81E-4E17-9735-6970402AAD4F}.Debug|x86.Build.0 = Debug|x86
		{02A39837-F81E-4E17-9735-6970402AAD4F}.Debug|x86.Deploy.0 = Debug|x86
		{02A39837-F81E-4E17-9735-6970402AAD4F}.Release|Any CPU.ActiveCfg = Release|x64
		{02A39837-F81E-4E17-9735-6970402AAD4F}.Release|Any CPU.Build.0 = Release|x64
		{02A39837-F81E-4E17-9735-6970402AAD4F}.Release|Any CPU.Deploy.0 = Release|x64
		{02A39837-F81E-4E17-9735-6970402AAD4F}.Release|ARM.ActiveCfg = Release|ARM
		{02A39837-F81E-4E17-9735-6970402AAD4F}.Release|ARM.Build.0 = Release|ARM
		{02A39837-F81E-4E17-9735-6970402AAD4F}.Release|ARM.Deploy.0 = Release|ARM
		{02A39837-F81E-4E17-9735-6970402AAD4F}.Release|ARM64.ActiveCfg = Release|ARM64
		{02A39837-F81E-4E17-9735-6970402AAD4F}.Release|ARM64.Build.0 = Release|ARM64
		{02A39837-F81E-4E17-9735-6970402AAD4F}.Release|ARM64.Deploy.0 = Release|ARM64
		{02A39837-F81E-4E17-9735-6970402AAD4F}.Release|x64.ActiveCfg = Release|x64
		{02A39837-F81E-4E17-9735-6970402AAD4F}.Release|x64.Build.0 = Release|x64
		{02A39837-F81E-4E17-9735-6970402AAD4F}.Release|x64.Deploy.0 = Release|x64
		{02A39837-F81E-4E17-9735-6970402AAD4F}.Release|x86.ActiveCfg = Release|x86
		{02A39837-F81E-4E17-9735-6970402AAD4F}.Release|x86.Build.0 = Release|x86
		{02A39837-F81E-4E17-9735-6970402AAD4F}.Release|x86.Deploy.0 = Release|x86
	EndGlobalSection
	GlobalSection(SolutionProperties) = preSolution
		HideSolutionNode = FALSE
	EndGlobalSection
	GlobalSection(ExtensibilityGlobals) = postSolution
		SolutionGuid = {8F36FC14-08D7-4996-AF65-73A1FB7CD6B2}
	EndGlobalSection
EndGlobal
