
Microsoft Visual Studio Solution File, Format Version 12.00
# Visual Studio Version 17
VisualStudioVersion = 17.10.34707.107
MinimumVisualStudioVersion = 10.0.40219.1
Project("{FAE04EC0-301F-11D3-BF4B-00C04F79EFBC}") = "QuickDate", "QuickDate\QuickDate.csproj", "{604472AC-4543-4778-909F-0F8BADCD8F42}"
EndProject
Project("{FAE04EC0-301F-11D3-BF4B-00C04F79EFBC}") = "QuickTest", "QuickTest\QuickTest.csproj", "{D11FB53C-CA3D-454A-9395-9F0F5BF64A52}"
EndProject
Project("{9A19103F-16F7-4668-BE54-9A1E7A4F7556}") = "Calculator", "Calculator\Calculator.csproj", "{E783B8EC-C9D1-4273-8C50-9FE9F73B5E9F}"
EndProject
Project("{9A19103F-16F7-4668-BE54-9A1E7A4F7556}") = "CalculatorLibrary", "CalculatorLibrary\CalculatorLibrary.csproj", "{6290B3C4-2F0D-4536-8BBD-B047A0B83062}"
EndProject
Project("{9A19103F-16F7-4668-BE54-9A1E7A4F7556}") = "MyCoreApp", "MyCoreApp\MyCoreApp.csproj", "{38F6022F-78C6-4DE4-B9CB-E9FE272D4F46}"
EndProject
Project("{9A19103F-16F7-4668-BE54-9A1E7A4F7556}") = "WinUI3HelloWorld", "WinUI3HelloWorld\WinUI3HelloWorld.csproj", "{948BF09B-AF5C-4249-BD70-4E69AA9C603F}"
EndProject
Project("{FAE04EC0-301F-11D3-BF4B-00C04F79EFBC}") = "UWPHelloWorld", "UWPHelloWorld\UWPHelloWorld.csproj", "{02A39837-F81E-4E17-9735-6970402AAD4F}"
EndProject
Project("{9A19103F-16F7-4668-BE54-9A1E7A4F7556}") = "WPFAppHelloWorld", "WPFAppHelloWorld\WPFAppHelloWorld.csproj", "{932AE753-99A4-4E9C-85F4-67D31C46706B}"
EndProject
Project("{FAE04EC0-301F-11D3-BF4B-00C04F79EFBC}") = "WinFormsHelloWorld", "WinFormsHelloWorld\WinFormsHelloWorld.csproj", "{111F3B2A-9227-4ECB-B3C0-6C0D45A242A1}"
EndProject
Project("{FAE04EC0-301F-11D3-BF4B-00C04F79EFBC}") = "WinFormsPictureViewer", "WinFormsPictureViewer\WinFormsPictureViewer.csproj", "{8CEBE31F-B44B-4F4E-B977-DD493468E71B}"
EndProject
Project("{FAE04EC0-301F-11D3-BF4B-00C04F79EFBC}") = "WinFormsMathQuiz", "WinFormsMathQuiz\WinFormsMathQuiz.csproj", "{E14FF21C-F473-4A10-9DA4-298E857A94F5}"
EndProject
Project("{FAE04EC0-301F-11D3-BF4B-00C04F79EFBC}") = "WinFormsMatchingGame", "WinFormsMatchingGame\WinFormsMatchingGame.csproj", "{DE0A8564-49CC-45A9-8B8F-6F4F3C170901}"
EndProject
Project("{FAE04EC0-301F-11D3-BF4B-00C04F79EFBC}") = "UnitTestingExample", "UnitTestingExample\UnitTestingExample.csproj", "{88802506-94BE-4320-B54D-3B30DF6F4264}"
EndProject
Project("{FAE04EC0-301F-11D3-BF4B-00C04F79EFBC}") = "UnitTestingExampleMSTests", "UnitTestingExampleTests\UnitTestingExampleMSTests.csproj", "{ED93C201-B9A9-4FFF-A53D-B0B2D71DC7CF}"
EndProject
Project("{FAE04EC0-301F-11D3-BF4B-00C04F79EFBC}") = "UnitTestingExampleNUnitTests", "UnitTestingExampleNUnitTests\UnitTestingExampleNUnitTests.csproj", "{9091ECC3-4154-49BC-A3B5-3F0E77AACC10}"
EndProject
Project("{FAE04EC0-301F-11D3-BF4B-00C04F79EFBC}") = "UnitTestingExampleXUnit", "UnitTestingExampleXUnit\UnitTestingExampleXUnit.csproj", "{7D203AA6-3168-4107-9EEB-DB91B14BDD07}"
EndProject
Project("{FAE04EC0-301F-11D3-BF4B-00C04F79EFBC}") = "SampleDatabaseWalkthrough", "SampleDatabaseWalkthrough\SampleDatabaseWalkthrough.csproj", "{9E3CF2D4-C08B-4935-8630-F9B24FF9CE2E}"
EndProject
Global
	GlobalSection(SolutionConfigurationPlatforms) = preSolution
		Debug|Any CPU = Debug|Any CPU
		Debug|ARM = Debug|ARM
		Debug|ARM64 = Debug|ARM64
		Debug|x64 = Debug|x64
		Debug|x86 = Debug|x86
		Release|Any CPU = Release|Any CPU
		Release|ARM = Release|ARM
		Release|ARM64 = Release|ARM64
		Release|x64 = Release|x64
		Release|x86 = Release|x86
	EndGlobalSection
	GlobalSection(ProjectConfigurationPlatforms) = postSolution
		{604472AC-4543-4778-909F-0F8BADCD8F42}.Debug|Any CPU.ActiveCfg = Debug|Any CPU
		{604472AC-4543-4778-909F-0F8BADCD8F42}.Debug|Any CPU.Build.0 = Debug|Any CPU
		{604472AC-4543-4778-909F-0F8BADCD8F42}.Debug|ARM.ActiveCfg = Debug|Any CPU
		{604472AC-4543-4778-909F-0F8BADCD8F42}.Debug|ARM.Build.0 = Debug|Any CPU
		{604472AC-4543-4778-909F-0F8BADCD8F42}.Debug|ARM64.ActiveCfg = Debug|Any CPU
		{604472AC-4543-4778-909F-0F8BADCD8F42}.Debug|ARM64.Build.0 = Debug|Any CPU
		{604472AC-4543-4778-909F-0F8BADCD8F42}.Debug|x64.ActiveCfg = Debug|Any CPU
		{604472AC-4543-4778-909F-0F8BADCD8F42}.Debug|x64.Build.0 = Debug|Any CPU
		{604472AC-4543-4778-909F-0F8BADCD8F42}.Debug|x86.ActiveCfg = Debug|Any CPU
		{604472AC-4543-4778-909F-0F8BADCD8F42}.Debug|x86.Build.0 = Debug|Any CPU
		{604472AC-4543-4778-909F-0F8BADCD8F42}.Release|Any CPU.ActiveCfg = Release|Any CPU
		{604472AC-4543-4778-909F-0F8BADCD8F42}.Release|Any CPU.Build.0 = Release|Any CPU
		{604472AC-4543-4778-909F-0F8BADCD8F42}.Release|ARM.ActiveCfg = Release|Any CPU
		{604472AC-4543-4778-909F-0F8BADCD8F42}.Release|ARM.Build.0 = Release|Any CPU
		{604472AC-4543-4778-909F-0F8BADCD8F42}.Release|ARM64.ActiveCfg = Release|Any CPU
		{604472AC-4543-4778-909F-0F8BADCD8F42}.Release|ARM64.Build.0 = Release|Any CPU
		{604472AC-4543-4778-909F-0F8BADCD8F42}.Release|x64.ActiveCfg = Release|Any CPU
		{604472AC-4543-4778-909F-0F8BADCD8F42}.Release|x64.Build.0 = Release|Any CPU
		{604472AC-4543-4778-909F-0F8BADCD8F42}.Release|x86.ActiveCfg = Release|Any CPU
		{604472AC-4543-4778-909F-0F8BADCD8F42}.Release|x86.Build.0 = Release|Any CPU
		{D11FB53C-CA3D-454A-9395-9F0F5BF64A52}.Debug|Any CPU.ActiveCfg = Debug|Any CPU
		{D11FB53C-CA3D-454A-9395-9F0F5BF64A52}.Debug|Any CPU.Build.0 = Debug|Any CPU
		{D11FB53C-CA3D-454A-9395-9F0F5BF64A52}.Debug|ARM.ActiveCfg = Debug|Any CPU
		{D11FB53C-CA3D-454A-9395-9F0F5BF64A52}.Debug|ARM.Build.0 = Debug|Any CPU
		{D11FB53C-CA3D-454A-9395-9F0F5BF64A52}.Debug|ARM64.ActiveCfg = Debug|Any CPU
		{D11FB53C-CA3D-454A-9395-9F0F5BF64A52}.Debug|ARM64.Build.0 = Debug|Any CPU
		{D11FB53C-CA3D-454A-9395-9F0F5BF64A52}.Debug|x64.ActiveCfg = Debug|Any CPU
		{D11FB53C-CA3D-454A-9395-9F0F5BF64A52}.Debug|x64.Build.0 = Debug|Any CPU
		{D11FB53C-CA3D-454A-9395-9F0F5BF64A52}.Debug|x86.ActiveCfg = Debug|Any CPU
		{D11FB53C-CA3D-454A-9395-9F0F5BF64A52}.Debug|x86.Build.0 = Debug|Any CPU
		{D11FB53C-CA3D-454A-9395-9F0F5BF64A52}.Release|Any CPU.ActiveCfg = Release|Any CPU
		{D11FB53C-CA3D-454A-9395-9F0F5BF64A52}.Release|Any CPU.Build.0 = Release|Any CPU
		{D11FB53C-CA3D-454A-9395-9F0F5BF64A52}.Release|ARM.ActiveCfg = Release|Any CPU
		{D11FB53C-CA3D-454A-9395-9F0F5BF64A52}.Release|ARM.Build.0 = Release|Any CPU
		{D11FB53C-CA3D-454A-9395-9F0F5BF64A52}.Release|ARM64.ActiveCfg = Release|Any CPU
		{D11FB53C-CA3D-454A-9395-9F0F5BF64A52}.Release|ARM64.Build.0 = Release|Any CPU
		{D11FB53C-CA3D-454A-9395-9F0F5BF64A52}.Release|x64.ActiveCfg = Release|Any CPU
		{D11FB53C-CA3D-454A-9395-9F0F5BF64A52}.Release|x64.Build.0 = Release|Any CPU
		{D11FB53C-CA3D-454A-9395-9F0F5BF64A52}.Release|x86.ActiveCfg = Release|Any CPU
		{D11FB53C-CA3D-454A-9395-9F0F5BF64A52}.Release|x86.Build.0 = Release|Any CPU
		{E783B8EC-C9D1-4273-8C50-9FE9F73B5E9F}.Debug|Any CPU.ActiveCfg = Debug|Any CPU
		{E783B8EC-C9D1-4273-8C50-9FE9F73B5E9F}.Debug|Any CPU.Build.0 = Debug|Any CPU
		{E783B8EC-C9D1-4273-8C50-9FE9F73B5E9F}.Debug|ARM.ActiveCfg = Debug|Any CPU
		{E783B8EC-C9D1-4273-8C50-9FE9F73B5E9F}.Debug|ARM.Build.0 = Debug|Any CPU
		{E783B8EC-C9D1-4273-8C50-9FE9F73B5E9F}.Debug|ARM64.ActiveCfg = Debug|Any CPU
		{E783B8EC-C9D1-4273-8C50-9FE9F73B5E9F}.Debug|ARM64.Build.0 = Debug|Any CPU
		{E783B8EC-C9D1-4273-8C50-9FE9F73B5E9F}.Debug|x64.ActiveCfg = Debug|Any CPU
		{E783B8EC-C9D1-4273-8C50-9FE9F73B5E9F}.Debug|x64.Build.0 = Debug|Any CPU
		{E783B8EC-C9D1-4273-8C50-9FE9F73B5E9F}.Debug|x86.ActiveCfg = Debug|Any CPU
		{E783B8EC-C9D1-4273-8C50-9FE9F73B5E9F}.Debug|x86.Build.0 = Debug|Any CPU
		{E783B8EC-C9D1-4273-8C50-9FE9F73B5E9F}.Release|Any CPU.ActiveCfg = Release|Any CPU
		{E783B8EC-C9D1-4273-8C50-9FE9F73B5E9F}.Release|Any CPU.Build.0 = Release|Any CPU
		{E783B8EC-C9D1-4273-8C50-9FE9F73B5E9F}.Release|ARM.ActiveCfg = Release|Any CPU
		{E783B8EC-C9D1-4273-8C50-9FE9F73B5E9F}.Release|ARM.Build.0 = Release|Any CPU
		{E783B8EC-C9D1-4273-8C50-9FE9F73B5E9F}.Release|ARM64.ActiveCfg = Release|Any CPU
		{E783B8EC-C9D1-4273-8C50-9FE9F73B5E9F}.Release|ARM64.Build.0 = Release|Any CPU
		{E783B8EC-C9D1-4273-8C50-9FE9F73B5E9F}.Release|x64.ActiveCfg = Release|Any CPU
		{E783B8EC-C9D1-4273-8C50-9FE9F73B5E9F}.Release|x64.Build.0 = Release|Any CPU
		{E783B8EC-C9D1-4273-8C50-9FE9F73B5E9F}.Release|x86.ActiveCfg = Release|Any CPU
		{E783B8EC-C9D1-4273-8C50-9FE9F73B5E9F}.Release|x86.Build.0 = Release|Any CPU
		{6290B3C4-2F0D-4536-8BBD-B047A0B83062}.Debug|Any CPU.ActiveCfg = Debug|Any CPU
		{6290B3C4-2F0D-4536-8BBD-B047A0B83062}.Debug|Any CPU.Build.0 = Debug|Any CPU
		{6290B3C4-2F0D-4536-8BBD-B047A0B83062}.Debug|ARM.ActiveCfg = Debug|Any CPU
		{6290B3C4-2F0D-4536-8BBD-B047A0B83062}.Debug|ARM.Build.0 = Debug|Any CPU
		{6290B3C4-2F0D-4536-8BBD-B047A0B83062}.Debug|ARM64.ActiveCfg = Debug|Any CPU
		{6290B3C4-2F0D-4536-8BBD-B047A0B83062}.Debug|ARM64.Build.0 = Debug|Any CPU
		{6290B3C4-2F0D-4536-8BBD-B047A0B83062}.Debug|x64.ActiveCfg = Debug|Any CPU
		{6290B3C4-2F0D-4536-8BBD-B047A0B83062}.Debug|x64.Build.0 = Debug|Any CPU
		{6290B3C4-2F0D-4536-8BBD-B047A0B83062}.Debug|x86.ActiveCfg = Debug|Any CPU
		{6290B3C4-2F0D-4536-8BBD-B047A0B83062}.Debug|x86.Build.0 = Debug|Any CPU
		{6290B3C4-2F0D-4536-8BBD-B047A0B83062}.Release|Any CPU.ActiveCfg = Release|Any CPU
		{6290B3C4-2F0D-4536-8BBD-B047A0B83062}.Release|Any CPU.Build.0 = Release|Any CPU
		{6290B3C4-2F0D-4536-8BBD-B047A0B83062}.Release|ARM.ActiveCfg = Release|Any CPU
		{6290B3C4-2F0D-4536-8BBD-B047A0B83062}.Release|ARM.Build.0 = Release|Any CPU
		{6290B3C4-2F0D-4536-8BBD-B047A0B83062}.Release|ARM64.ActiveCfg = Release|Any CPU
		{6290B3C4-2F0D-4536-8BBD-B047A0B83062}.Release|ARM64.Build.0 = Release|Any CPU
		{6290B3C4-2F0D-4536-8BBD-B047A0B83062}.Release|x64.ActiveCfg = Release|Any CPU
		{6290B3C4-2F0D-4536-8BBD-B047A0B83062}.Release|x64.Build.0 = Release|Any CPU
		{6290B3C4-2F0D-4536-8BBD-B047A0B83062}.Release|x86.ActiveCfg = Release|Any CPU
		{6290B3C4-2F0D-4536-8BBD-B047A0B83062}.Release|x86.Build.0 = Release|Any CPU
		{38F6022F-78C6-4DE4-B9CB-E9FE272D4F46}.Debug|Any CPU.ActiveCfg = Debug|Any CPU
		{38F6022F-78C6-4DE4-B9CB-E9FE272D4F46}.Debug|Any CPU.Build.0 = Debug|Any CPU
		{38F6022F-78C6-4DE4-B9CB-E9FE272D4F46}.Debug|ARM.ActiveCfg = Debug|Any CPU
		{38F6022F-78C6-4DE4-B9CB-E9FE272D4F46}.Debug|ARM.Build.0 = Debug|Any CPU
		{38F6022F-78C6-4DE4-B9CB-E9FE272D4F46}.Debug|ARM64.ActiveCfg = Debug|Any CPU
		{38F6022F-78C6-4DE4-B9CB-E9FE272D4F46}.Debug|ARM64.Build.0 = Debug|Any CPU
		{38F6022F-78C6-4DE4-B9CB-E9FE272D4F46}.Debug|x64.ActiveCfg = Debug|Any CPU
		{38F6022F-78C6-4DE4-B9CB-E9FE272D4F46}.Debug|x64.Build.0 = Debug|Any CPU
		{38F6022F-78C6-4DE4-B9CB-E9FE272D4F46}.Debug|x86.ActiveCfg = Debug|Any CPU
		{38F6022F-78C6-4DE4-B9CB-E9FE272D4F46}.Debug|x86.Build.0 = Debug|Any CPU
		{38F6022F-78C6-4DE4-B9CB-E9FE272D4F46}.Release|Any CPU.ActiveCfg = Release|Any CPU
		{38F6022F-78C6-4DE4-B9CB-E9FE272D4F46}.Release|Any CPU.Build.0 = Release|Any CPU
		{38F6022F-78C6-4DE4-B9CB-E9FE272D4F46}.Release|ARM.ActiveCfg = Release|Any CPU
		{38F6022F-78C6-4DE4-B9CB-E9FE272D4F46}.Release|ARM.Build.0 = Release|Any CPU
		{38F6022F-78C6-4DE4-B9CB-E9FE272D4F46}.Release|ARM64.ActiveCfg = Release|Any CPU
		{38F6022F-78C6-4DE4-B9CB-E9FE272D4F46}.Release|ARM64.Build.0 = Release|Any CPU
		{38F6022F-78C6-4DE4-B9CB-E9FE272D4F46}.Release|x64.ActiveCfg = Release|Any CPU
		{38F6022F-78C6-4DE4-B9CB-E9FE272D4F46}.Release|x64.Build.0 = Release|Any CPU
		{38F6022F-78C6-4DE4-B9CB-E9FE272D4F46}.Release|x86.ActiveCfg = Release|Any CPU
		{38F6022F-78C6-4DE4-B9CB-E9FE272D4F46}.Release|x86.Build.0 = Release|Any CPU
		{948BF09B-AF5C-4249-BD70-4E69AA9C603F}.Debug|Any CPU.ActiveCfg = Debug|x64
		{948BF09B-AF5C-4249-BD70-4E69AA9C603F}.Debug|Any CPU.Build.0 = Debug|x64
		{948BF09B-AF5C-4249-BD70-4E69AA9C603F}.Debug|Any CPU.Deploy.0 = Debug|x64
		{948BF09B-AF5C-4249-BD70-4E69AA9C603F}.Debug|ARM.ActiveCfg = Debug|x64
		{948BF09B-AF5C-4249-BD70-4E69AA9C603F}.Debug|ARM.Build.0 = Debug|x64
		{948BF09B-AF5C-4249-BD70-4E69AA9C603F}.Debug|ARM.Deploy.0 = Debug|x64
		{948BF09B-AF5C-4249-BD70-4E69AA9C603F}.Debug|ARM64.ActiveCfg = Debug|ARM64
		{948BF09B-AF5C-4249-BD70-4E69AA9C603F}.Debug|ARM64.Build.0 = Debug|ARM64
		{948BF09B-AF5C-4249-BD70-4E69AA9C603F}.Debug|ARM64.Deploy.0 = Debug|ARM64
		{948BF09B-AF5C-4249-BD70-4E69AA9C603F}.Debug|x64.ActiveCfg = Debug|x64
		{948BF09B-AF5C-4249-BD70-4E69AA9C603F}.Debug|x64.Build.0 = Debug|x64
		{948BF09B-AF5C-4249-BD70-4E69AA9C603F}.Debug|x64.Deploy.0 = Debug|x64
		{948BF09B-AF5C-4249-BD70-4E69AA9C603F}.Debug|x86.ActiveCfg = Debug|x86
		{948BF09B-AF5C-4249-BD70-4E69AA9C603F}.Debug|x86.Build.0 = Debug|x86
		{948BF09B-AF5C-4249-BD70-4E69AA9C603F}.Debug|x86.Deploy.0 = Debug|x86
		{948BF09B-AF5C-4249-BD70-4E69AA9C603F}.Release|Any CPU.ActiveCfg = Release|x64
		{948BF09B-AF5C-4249-BD70-4E69AA9C603F}.Release|Any CPU.Build.0 = Release|x64
		{948BF09B-AF5C-4249-BD70-4E69AA9C603F}.Release|Any CPU.Deploy.0 = Release|x64
		{948BF09B-AF5C-4249-BD70-4E69AA9C603F}.Release|ARM.ActiveCfg = Release|x64
		{948BF09B-AF5C-4249-BD70-4E69AA9C603F}.Release|ARM.Build.0 = Release|x64
		{948BF09B-AF5C-4249-BD70-4E69AA9C603F}.Release|ARM.Deploy.0 = Release|x64
		{948BF09B-AF5C-4249-BD70-4E69AA9C603F}.Release|ARM64.ActiveCfg = Release|ARM64
		{948BF09B-AF5C-4249-BD70-4E69AA9C603F}.Release|ARM64.Build.0 = Release|ARM64
		{948BF09B-AF5C-4249-BD70-4E69AA9C603F}.Release|ARM64.Deploy.0 = Release|ARM64
		{948BF09B-AF5C-4249-BD70-4E69AA9C603F}.Release|x64.ActiveCfg = Release|x64
		{948BF09B-AF5C-4249-BD70-4E69AA9C603F}.Release|x64.Build.0 = Release|x64
		{948BF09B-AF5C-4249-BD70-4E69AA9C603F}.Release|x64.Deploy.0 = Release|x64
		{948BF09B-AF5C-4249-BD70-4E69AA9C603F}.Release|x86.ActiveCfg = Release|x86
		{948BF09B-AF5C-4249-BD70-4E69AA9C603F}.Release|x86.Build.0 = Release|x86
		{948BF09B-AF5C-4249-BD70-4E69AA9C603F}.Release|x86.Deploy.0 = Release|x86
		{02A39837-F81E-4E17-9735-6970402AAD4F}.Debug|Any CPU.ActiveCfg = Debug|x64
		{02A39837-F81E-4E17-9735-6970402AAD4F}.Debug|Any CPU.Build.0 = Debug|x64
		{02A39837-F81E-4E17-9735-6970402AAD4F}.Debug|Any CPU.Deploy.0 = Debug|x64
		{02A39837-F81E-4E17-9735-6970402AAD4F}.Debug|ARM.ActiveCfg = Debug|ARM
		{02A39837-F81E-4E17-9735-6970402AAD4F}.Debug|ARM.Build.0 = Debug|ARM
		{02A39837-F81E-4E17-9735-6970402AAD4F}.Debug|ARM.Deploy.0 = Debug|ARM
		{02A39837-F81E-4E17-9735-6970402AAD4F}.Debug|ARM64.ActiveCfg = Debug|ARM64
		{02A39837-F81E-4E17-9735-6970402AAD4F}.Debug|ARM64.Build.0 = Debug|ARM64
		{02A39837-F81E-4E17-9735-6970402AAD4F}.Debug|ARM64.Deploy.0 = Debug|ARM64
		{02A39837-F81E-4E17-9735-6970402AAD4F}.Debug|x64.ActiveCfg = Debug|x64
		{02A39837-F81E-4E17-9735-6970402AAD4F}.Debug|x64.Build.0 = Debug|x64
		{02A39837-F81E-4E17-9735-6970402AAD4F}.Debug|x64.Deploy.0 = Debug|x64
		{02A39837-F81E-4E17-9735-6970402AAD4F}.Debug|x86.ActiveCfg = Debug|x86
		{02A39837-F81E-4E17-9735-6970402AAD4F}.Debug|x86.Build.0 = Debug|x86
		{02A39837-F81E-4E17-9735-6970402AAD4F}.Debug|x86.Deploy.0 = Debug|x86
		{02A39837-F81E-4E17-9735-6970402AAD4F}.Release|Any CPU.ActiveCfg = Release|x64
		{02A39837-F81E-4E17-9735-6970402AAD4F}.Release|Any CPU.Build.0 = Release|x64
		{02A39837-F81E-4E17-9735-6970402AAD4F}.Release|Any CPU.Deploy.0 = Release|x64
		{02A39837-F81E-4E17-9735-6970402AAD4F}.Release|ARM.ActiveCfg = Release|ARM
		{02A39837-F81E-4E17-9735-6970402AAD4F}.Release|ARM.Build.0 = Release|ARM
		{02A39837-F81E-4E17-9735-6970402AAD4F}.Release|ARM.Deploy.0 = Release|ARM
		{02A39837-F81E-4E17-9735-6970402AAD4F}.Release|ARM64.ActiveCfg = Release|ARM64
		{02A39837-F81E-4E17-9735-6970402AAD4F}.Release|ARM64.Build.0 = Release|ARM64
		{02A39837-F81E-4E17-9735-6970402AAD4F}.Release|ARM64.Deploy.0 = Release|ARM64
		{02A39837-F81E-4E17-9735-6970402AAD4F}.Release|x64.ActiveCfg = Release|x64
		{02A39837-F81E-4E17-9735-6970402AAD4F}.Release|x64.Build.0 = Release|x64
		{02A39837-F81E-4E17-9735-6970402AAD4F}.Release|x64.Deploy.0 = Release|x64
		{02A39837-F81E-4E17-9735-6970402AAD4F}.Release|x86.ActiveCfg = Release|x86
		{02A39837-F81E-4E17-9735-6970402AAD4F}.Release|x86.Build.0 = Release|x86
		{02A39837-F81E-4E17-9735-6970402AAD4F}.Release|x86.Deploy.0 = Release|x86
		{932AE753-99A4-4E9C-85F4-67D31C46706B}.Debug|Any CPU.ActiveCfg = Debug|Any CPU
		{932AE753-99A4-4E9C-85F4-67D31C46706B}.Debug|Any CPU.Build.0 = Debug|Any CPU
		{932AE753-99A4-4E9C-85F4-67D31C46706B}.Debug|ARM.ActiveCfg = Debug|Any CPU
		{932AE753-99A4-4E9C-85F4-67D31C46706B}.Debug|ARM.Build.0 = Debug|Any CPU
		{932AE753-99A4-4E9C-85F4-67D31C46706B}.Debug|ARM64.ActiveCfg = Debug|Any CPU
		{932AE753-99A4-4E9C-85F4-67D31C46706B}.Debug|ARM64.Build.0 = Debug|Any CPU
		{932AE753-99A4-4E9C-85F4-67D31C46706B}.Debug|x64.ActiveCfg = Debug|Any CPU
		{932AE753-99A4-4E9C-85F4-67D31C46706B}.Debug|x64.Build.0 = Debug|Any CPU
		{932AE753-99A4-4E9C-85F4-67D31C46706B}.Debug|x86.ActiveCfg = Debug|Any CPU
		{932AE753-99A4-4E9C-85F4-67D31C46706B}.Debug|x86.Build.0 = Debug|Any CPU
		{932AE753-99A4-4E9C-85F4-67D31C46706B}.Release|Any CPU.ActiveCfg = Release|Any CPU
		{932AE753-99A4-4E9C-85F4-67D31C46706B}.Release|Any CPU.Build.0 = Release|Any CPU
		{932AE753-99A4-4E9C-85F4-67D31C46706B}.Release|ARM.ActiveCfg = Release|Any CPU
		{932AE753-99A4-4E9C-85F4-67D31C46706B}.Release|ARM.Build.0 = Release|Any CPU
		{932AE753-99A4-4E9C-85F4-67D31C46706B}.Release|ARM64.ActiveCfg = Release|Any CPU
		{932AE753-99A4-4E9C-85F4-67D31C46706B}.Release|ARM64.Build.0 = Release|Any CPU
		{932AE753-99A4-4E9C-85F4-67D31C46706B}.Release|x64.ActiveCfg = Release|Any CPU
		{932AE753-99A4-4E9C-85F4-67D31C46706B}.Release|x64.Build.0 = Release|Any CPU
		{932AE753-99A4-4E9C-85F4-67D31C46706B}.Release|x86.ActiveCfg = Release|Any CPU
		{932AE753-99A4-4E9C-85F4-67D31C46706B}.Release|x86.Build.0 = Release|Any CPU
		{111F3B2A-9227-4ECB-B3C0-6C0D45A242A1}.Debug|Any CPU.ActiveCfg = Debug|Any CPU
		{111F3B2A-9227-4ECB-B3C0-6C0D45A242A1}.Debug|Any CPU.Build.0 = Debug|Any CPU
		{111F3B2A-9227-4ECB-B3C0-6C0D45A242A1}.Debug|ARM.ActiveCfg = Debug|Any CPU
		{111F3B2A-9227-4ECB-B3C0-6C0D45A242A1}.Debug|ARM.Build.0 = Debug|Any CPU
		{111F3B2A-9227-4ECB-B3C0-6C0D45A242A1}.Debug|ARM64.ActiveCfg = Debug|Any CPU
		{111F3B2A-9227-4ECB-B3C0-6C0D45A242A1}.Debug|ARM64.Build.0 = Debug|Any CPU
		{111F3B2A-9227-4ECB-B3C0-6C0D45A242A1}.Debug|x64.ActiveCfg = Debug|Any CPU
		{111F3B2A-9227-4ECB-B3C0-6C0D45A242A1}.Debug|x64.Build.0 = Debug|Any CPU
		{111F3B2A-9227-4ECB-B3C0-6C0D45A242A1}.Debug|x86.ActiveCfg = Debug|Any CPU
		{111F3B2A-9227-4ECB-B3C0-6C0D45A242A1}.Debug|x86.Build.0 = Debug|Any CPU
		{111F3B2A-9227-4ECB-B3C0-6C0D45A242A1}.Release|Any CPU.ActiveCfg = Release|Any CPU
		{111F3B2A-9227-4ECB-B3C0-6C0D45A242A1}.Release|Any CPU.Build.0 = Release|Any CPU
		{111F3B2A-9227-4ECB-B3C0-6C0D45A242A1}.Release|ARM.ActiveCfg = Release|Any CPU
		{111F3B2A-9227-4ECB-B3C0-6C0D45A242A1}.Release|ARM.Build.0 = Release|Any CPU
		{111F3B2A-9227-4ECB-B3C0-6C0D45A242A1}.Release|ARM64.ActiveCfg = Release|Any CPU
		{111F3B2A-9227-4ECB-B3C0-6C0D45A242A1}.Release|ARM64.Build.0 = Release|Any CPU
		{111F3B2A-9227-4ECB-B3C0-6C0D45A242A1}.Release|x64.ActiveCfg = Release|Any CPU
		{111F3B2A-9227-4ECB-B3C0-6C0D45A242A1}.Release|x64.Build.0 = Release|Any CPU
		{111F3B2A-9227-4ECB-B3C0-6C0D45A242A1}.Release|x86.ActiveCfg = Release|Any CPU
		{111F3B2A-9227-4ECB-B3C0-6C0D45A242A1}.Release|x86.Build.0 = Release|Any CPU
		{8CEBE31F-B44B-4F4E-B977-DD493468E71B}.Debug|Any CPU.ActiveCfg = Debug|Any CPU
		{8CEBE31F-B44B-4F4E-B977-DD493468E71B}.Debug|Any CPU.Build.0 = Debug|Any CPU
		{8CEBE31F-B44B-4F4E-B977-DD493468E71B}.Debug|ARM.ActiveCfg = Debug|Any CPU
		{8CEBE31F-B44B-4F4E-B977-DD493468E71B}.Debug|ARM.Build.0 = Debug|Any CPU
		{8CEBE31F-B44B-4F4E-B977-DD493468E71B}.Debug|ARM64.ActiveCfg = Debug|Any CPU
		{8CEBE31F-B44B-4F4E-B977-DD493468E71B}.Debug|ARM64.Build.0 = Debug|Any CPU
		{8CEBE31F-B44B-4F4E-B977-DD493468E71B}.Debug|x64.ActiveCfg = Debug|Any CPU
		{8CEBE31F-B44B-4F4E-B977-DD493468E71B}.Debug|x64.Build.0 = Debug|Any CPU
		{8CEBE31F-B44B-4F4E-B977-DD493468E71B}.Debug|x86.ActiveCfg = Debug|Any CPU
		{8CEBE31F-B44B-4F4E-B977-DD493468E71B}.Debug|x86.Build.0 = Debug|Any CPU
		{8CEBE31F-B44B-4F4E-B977-DD493468E71B}.Release|Any CPU.ActiveCfg = Release|Any CPU
		{8CEBE31F-B44B-4F4E-B977-DD493468E71B}.Release|Any CPU.Build.0 = Release|Any CPU
		{8CEBE31F-B44B-4F4E-B977-DD493468E71B}.Release|ARM.ActiveCfg = Release|Any CPU
		{8CEBE31F-B44B-4F4E-B977-DD493468E71B}.Release|ARM.Build.0 = Release|Any CPU
		{8CEBE31F-B44B-4F4E-B977-DD493468E71B}.Release|ARM64.ActiveCfg = Release|Any CPU
		{8CEBE31F-B44B-4F4E-B977-DD493468E71B}.Release|ARM64.Build.0 = Release|Any CPU
		{8CEBE31F-B44B-4F4E-B977-DD493468E71B}.Release|x64.ActiveCfg = Release|Any CPU
		{8CEBE31F-B44B-4F4E-B977-DD493468E71B}.Release|x64.Build.0 = Release|Any CPU
		{8CEBE31F-B44B-4F4E-B977-DD493468E71B}.Release|x86.ActiveCfg = Release|Any CPU
		{8CEBE31F-B44B-4F4E-B977-DD493468E71B}.Release|x86.Build.0 = Release|Any CPU
		{E14FF21C-F473-4A10-9DA4-298E857A94F5}.Debug|Any CPU.ActiveCfg = Debug|Any CPU
		{E14FF21C-F473-4A10-9DA4-298E857A94F5}.Debug|Any CPU.Build.0 = Debug|Any CPU
		{E14FF21C-F473-4A10-9DA4-298E857A94F5}.Debug|ARM.ActiveCfg = Debug|Any CPU
		{E14FF21C-F473-4A10-9DA4-298E857A94F5}.Debug|ARM.Build.0 = Debug|Any CPU
		{E14FF21C-F473-4A10-9DA4-298E857A94F5}.Debug|ARM64.ActiveCfg = Debug|Any CPU
		{E14FF21C-F473-4A10-9DA4-298E857A94F5}.Debug|ARM64.Build.0 = Debug|Any CPU
		{E14FF21C-F473-4A10-9DA4-298E857A94F5}.Debug|x64.ActiveCfg = Debug|Any CPU
		{E14FF21C-F473-4A10-9DA4-298E857A94F5}.Debug|x64.Build.0 = Debug|Any CPU
		{E14FF21C-F473-4A10-9DA4-298E857A94F5}.Debug|x86.ActiveCfg = Debug|Any CPU
		{E14FF21C-F473-4A10-9DA4-298E857A94F5}.Debug|x86.Build.0 = Debug|Any CPU
		{E14FF21C-F473-4A10-9DA4-298E857A94F5}.Release|Any CPU.ActiveCfg = Release|Any CPU
		{E14FF21C-F473-4A10-9DA4-298E857A94F5}.Release|Any CPU.Build.0 = Release|Any CPU
		{E14FF21C-F473-4A10-9DA4-298E857A94F5}.Release|ARM.ActiveCfg = Release|Any CPU
		{E14FF21C-F473-4A10-9DA4-298E857A94F5}.Release|ARM.Build.0 = Release|Any CPU
		{E14FF21C-F473-4A10-9DA4-298E857A94F5}.Release|ARM64.ActiveCfg = Release|Any CPU
		{E14FF21C-F473-4A10-9DA4-298E857A94F5}.Release|ARM64.Build.0 = Release|Any CPU
		{E14FF21C-F473-4A10-9DA4-298E857A94F5}.Release|x64.ActiveCfg = Release|Any CPU
		{E14FF21C-F473-4A10-9DA4-298E857A94F5}.Release|x64.Build.0 = Release|Any CPU
		{E14FF21C-F473-4A10-9DA4-298E857A94F5}.Release|x86.ActiveCfg = Release|Any CPU
		{E14FF21C-F473-4A10-9DA4-298E857A94F5}.Release|x86.Build.0 = Release|Any CPU
		{DE0A8564-49CC-45A9-8B8F-6F4F3C170901}.Debug|Any CPU.ActiveCfg = Debug|Any CPU
		{DE0A8564-49CC-45A9-8B8F-6F4F3C170901}.Debug|Any CPU.Build.0 = Debug|Any CPU
		{DE0A8564-49CC-45A9-8B8F-6F4F3C170901}.Debug|ARM.ActiveCfg = Debug|Any CPU
		{DE0A8564-49CC-45A9-8B8F-6F4F3C170901}.Debug|ARM.Build.0 = Debug|Any CPU
		{DE0A8564-49CC-45A9-8B8F-6F4F3C170901}.Debug|ARM64.ActiveCfg = Debug|Any CPU
		{DE0A8564-49CC-45A9-8B8F-6F4F3C170901}.Debug|ARM64.Build.0 = Debug|Any CPU
		{DE0A8564-49CC-45A9-8B8F-6F4F3C170901}.Debug|x64.ActiveCfg = Debug|Any CPU
		{DE0A8564-49CC-45A9-8B8F-6F4F3C170901}.Debug|x64.Build.0 = Debug|Any CPU
		{DE0A8564-49CC-45A9-8B8F-6F4F3C170901}.Debug|x86.ActiveCfg = Debug|Any CPU
		{DE0A8564-49CC-45A9-8B8F-6F4F3C170901}.Debug|x86.Build.0 = Debug|Any CPU
		{DE0A8564-49CC-45A9-8B8F-6F4F3C170901}.Release|Any CPU.ActiveCfg = Release|Any CPU
		{DE0A8564-49CC-45A9-8B8F-6F4F3C170901}.Release|Any CPU.Build.0 = Release|Any CPU
		{DE0A8564-49CC-45A9-8B8F-6F4F3C170901}.Release|ARM.ActiveCfg = Release|Any CPU
		{DE0A8564-49CC-45A9-8B8F-6F4F3C170901}.Release|ARM.Build.0 = Release|Any CPU
		{DE0A8564-49CC-45A9-8B8F-6F4F3C170901}.Release|ARM64.ActiveCfg = Release|Any CPU
		{DE0A8564-49CC-45A9-8B8F-6F4F3C170901}.Release|ARM64.Build.0 = Release|Any CPU
		{DE0A8564-49CC-45A9-8B8F-6F4F3C170901}.Release|x64.ActiveCfg = Release|Any CPU
		{DE0A8564-49CC-45A9-8B8F-6F4F3C170901}.Release|x64.Build.0 = Release|Any CPU
		{DE0A8564-49CC-45A9-8B8F-6F4F3C170901}.Release|x86.ActiveCfg = Release|Any CPU
		{DE0A8564-49CC-45A9-8B8F-6F4F3C170901}.Release|x86.Build.0 = Release|Any CPU
		{88802506-94BE-4320-B54D-3B30DF6F4264}.Debug|Any CPU.ActiveCfg = Debug|Any CPU
		{88802506-94BE-4320-B54D-3B30DF6F4264}.Debug|Any CPU.Build.0 = Debug|Any CPU
		{88802506-94BE-4320-B54D-3B30DF6F4264}.Debug|ARM.ActiveCfg = Debug|Any CPU
		{88802506-94BE-4320-B54D-3B30DF6F4264}.Debug|ARM.Build.0 = Debug|Any CPU
		{88802506-94BE-4320-B54D-3B30DF6F4264}.Debug|ARM64.ActiveCfg = Debug|Any CPU
		{88802506-94BE-4320-B54D-3B30DF6F4264}.Debug|ARM64.Build.0 = Debug|Any CPU
		{88802506-94BE-4320-B54D-3B30DF6F4264}.Debug|x64.ActiveCfg = Debug|Any CPU
		{88802506-94BE-4320-B54D-3B30DF6F4264}.Debug|x64.Build.0 = Debug|Any CPU
		{88802506-94BE-4320-B54D-3B30DF6F4264}.Debug|x86.ActiveCfg = Debug|Any CPU
		{88802506-94BE-4320-B54D-3B30DF6F4264}.Debug|x86.Build.0 = Debug|Any CPU
		{88802506-94BE-4320-B54D-3B30DF6F4264}.Release|Any CPU.ActiveCfg = Release|Any CPU
		{88802506-94BE-4320-B54D-3B30DF6F4264}.Release|Any CPU.Build.0 = Release|Any CPU
		{88802506-94BE-4320-B54D-3B30DF6F4264}.Release|ARM.ActiveCfg = Release|Any CPU
		{88802506-94BE-4320-B54D-3B30DF6F4264}.Release|ARM.Build.0 = Release|Any CPU
		{88802506-94BE-4320-B54D-3B30DF6F4264}.Release|ARM64.ActiveCfg = Release|Any CPU
		{88802506-94BE-4320-B54D-3B30DF6F4264}.Release|ARM64.Build.0 = Release|Any CPU
		{88802506-94BE-4320-B54D-3B30DF6F4264}.Release|x64.ActiveCfg = Release|Any CPU
		{88802506-94BE-4320-B54D-3B30DF6F4264}.Release|x64.Build.0 = Release|Any CPU
		{88802506-94BE-4320-B54D-3B30DF6F4264}.Release|x86.ActiveCfg = Release|Any CPU
		{88802506-94BE-4320-B54D-3B30DF6F4264}.Release|x86.Build.0 = Release|Any CPU
		{ED93C201-B9A9-4FFF-A53D-B0B2D71DC7CF}.Debug|Any CPU.ActiveCfg = Debug|Any CPU
		{ED93C201-B9A9-4FFF-A53D-B0B2D71DC7CF}.Debug|Any CPU.Build.0 = Debug|Any CPU
		{ED93C201-B9A9-4FFF-A53D-B0B2D71DC7CF}.Debug|ARM.ActiveCfg = Debug|Any CPU
		{ED93C201-B9A9-4FFF-A53D-B0B2D71DC7CF}.Debug|ARM.Build.0 = Debug|Any CPU
		{ED93C201-B9A9-4FFF-A53D-B0B2D71DC7CF}.Debug|ARM64.ActiveCfg = Debug|Any CPU
		{ED93C201-B9A9-4FFF-A53D-B0B2D71DC7CF}.Debug|ARM64.Build.0 = Debug|Any CPU
		{ED93C201-B9A9-4FFF-A53D-B0B2D71DC7CF}.Debug|x64.ActiveCfg = Debug|Any CPU
		{ED93C201-B9A9-4FFF-A53D-B0B2D71DC7CF}.Debug|x64.Build.0 = Debug|Any CPU
		{ED93C201-B9A9-4FFF-A53D-B0B2D71DC7CF}.Debug|x86.ActiveCfg = Debug|Any CPU
		{ED93C201-B9A9-4FFF-A53D-B0B2D71DC7CF}.Debug|x86.Build.0 = Debug|Any CPU
		{ED93C201-B9A9-4FFF-A53D-B0B2D71DC7CF}.Release|Any CPU.ActiveCfg = Release|Any CPU
		{ED93C201-B9A9-4FFF-A53D-B0B2D71DC7CF}.Release|Any CPU.Build.0 = Release|Any CPU
		{ED93C201-B9A9-4FFF-A53D-B0B2D71DC7CF}.Release|ARM.ActiveCfg = Release|Any CPU
		{ED93C201-B9A9-4FFF-A53D-B0B2D71DC7CF}.Release|ARM.Build.0 = Release|Any CPU
		{ED93C201-B9A9-4FFF-A53D-B0B2D71DC7CF}.Release|ARM64.ActiveCfg = Release|Any CPU
		{ED93C201-B9A9-4FFF-A53D-B0B2D71DC7CF}.Release|ARM64.Build.0 = Release|Any CPU
		{ED93C201-B9A9-4FFF-A53D-B0B2D71DC7CF}.Release|x64.ActiveCfg = Release|Any CPU
		{ED93C201-B9A9-4FFF-A53D-B0B2D71DC7CF}.Release|x64.Build.0 = Release|Any CPU
		{ED93C201-B9A9-4FFF-A53D-B0B2D71DC7CF}.Release|x86.ActiveCfg = Release|Any CPU
		{ED93C201-B9A9-4FFF-A53D-B0B2D71DC7CF}.Release|x86.Build.0 = Release|Any CPU
		{9091ECC3-4154-49BC-A3B5-3F0E77AACC10}.Debug|Any CPU.ActiveCfg = Debug|Any CPU
		{9091ECC3-4154-49BC-A3B5-3F0E77AACC10}.Debug|Any CPU.Build.0 = Debug|Any CPU
		{9091ECC3-4154-49BC-A3B5-3F0E77AACC10}.Debug|ARM.ActiveCfg = Debug|Any CPU
		{9091ECC3-4154-49BC-A3B5-3F0E77AACC10}.Debug|ARM.Build.0 = Debug|Any CPU
		{9091ECC3-4154-49BC-A3B5-3F0E77AACC10}.Debug|ARM64.ActiveCfg = Debug|Any CPU
		{9091ECC3-4154-49BC-A3B5-3F0E77AACC10}.Debug|ARM64.Build.0 = Debug|Any CPU
		{9091ECC3-4154-49BC-A3B5-3F0E77AACC10}.Debug|x64.ActiveCfg = Debug|Any CPU
		{9091ECC3-4154-49BC-A3B5-3F0E77AACC10}.Debug|x64.Build.0 = Debug|Any CPU
		{9091ECC3-4154-49BC-A3B5-3F0E77AACC10}.Debug|x86.ActiveCfg = Debug|Any CPU
		{9091ECC3-4154-49BC-A3B5-3F0E77AACC10}.Debug|x86.Build.0 = Debug|Any CPU
		{9091ECC3-4154-49BC-A3B5-3F0E77AACC10}.Release|Any CPU.ActiveCfg = Release|Any CPU
		{9091ECC3-4154-49BC-A3B5-3F0E77AACC10}.Release|Any CPU.Build.0 = Release|Any CPU
		{9091ECC3-4154-49BC-A3B5-3F0E77AACC10}.Release|ARM.ActiveCfg = Release|Any CPU
		{9091ECC3-4154-49BC-A3B5-3F0E77AACC10}.Release|ARM.Build.0 = Release|Any CPU
		{9091ECC3-4154-49BC-A3B5-3F0E77AACC10}.Release|ARM64.ActiveCfg = Release|Any CPU
		{9091ECC3-4154-49BC-A3B5-3F0E77AACC10}.Release|ARM64.Build.0 = Release|Any CPU
		{9091ECC3-4154-49BC-A3B5-3F0E77AACC10}.Release|x64.ActiveCfg = Release|Any CPU
		{9091ECC3-4154-49BC-A3B5-3F0E77AACC10}.Release|x64.Build.0 = Release|Any CPU
		{9091ECC3-4154-49BC-A3B5-3F0E77AACC10}.Release|x86.ActiveCfg = Release|Any CPU
		{9091ECC3-4154-49BC-A3B5-3F0E77AACC10}.Release|x86.Build.0 = Release|Any CPU
		{7D203AA6-3168-4107-9EEB-DB91B14BDD07}.Debug|Any CPU.ActiveCfg = Debug|Any CPU
		{7D203AA6-3168-4107-9EEB-DB91B14BDD07}.Debug|Any CPU.Build.0 = Debug|Any CPU
		{7D203AA6-3168-4107-9EEB-DB91B14BDD07}.Debug|ARM.ActiveCfg = Debug|Any CPU
		{7D203AA6-3168-4107-9EEB-DB91B14BDD07}.Debug|ARM.Build.0 = Debug|Any CPU
		{7D203AA6-3168-4107-9EEB-DB91B14BDD07}.Debug|ARM64.ActiveCfg = Debug|Any CPU
		{7D203AA6-3168-4107-9EEB-DB91B14BDD07}.Debug|ARM64.Build.0 = Debug|Any CPU
		{7D203AA6-3168-4107-9EEB-DB91B14BDD07}.Debug|x64.ActiveCfg = Debug|Any CPU
		{7D203AA6-3168-4107-9EEB-DB91B14BDD07}.Debug|x64.Build.0 = Debug|Any CPU
		{7D203AA6-3168-4107-9EEB-DB91B14BDD07}.Debug|x86.ActiveCfg = Debug|Any CPU
		{7D203AA6-3168-4107-9EEB-DB91B14BDD07}.Debug|x86.Build.0 = Debug|Any CPU
		{7D203AA6-3168-4107-9EEB-DB91B14BDD07}.Release|Any CPU.ActiveCfg = Release|Any CPU
		{7D203AA6-3168-4107-9EEB-DB91B14BDD07}.Release|Any CPU.Build.0 = Release|Any CPU
		{7D203AA6-3168-4107-9EEB-DB91B14BDD07}.Release|ARM.ActiveCfg = Release|Any CPU
		{7D203AA6-3168-4107-9EEB-DB91B14BDD07}.Release|ARM.Build.0 = Release|Any CPU
		{7D203AA6-3168-4107-9EEB-DB91B14BDD07}.Release|ARM64.ActiveCfg = Release|Any CPU
		{7D203AA6-3168-4107-9EEB-DB91B14BDD07}.Release|ARM64.Build.0 = Release|Any CPU
		{7D203AA6-3168-4107-9EEB-DB91B14BDD07}.Release|x64.ActiveCfg = Release|Any CPU
		{7D203AA6-3168-4107-9EEB-DB91B14BDD07}.Release|x64.Build.0 = Release|Any CPU
		{7D203AA6-3168-4107-9EEB-DB91B14BDD07}.Release|x86.ActiveCfg = Release|Any CPU
		{7D203AA6-3168-4107-9EEB-DB91B14BDD07}.Release|x86.Build.0 = Release|Any CPU
		{9E3CF2D4-C08B-4935-8630-F9B24FF9CE2E}.Debug|Any CPU.ActiveCfg = Debug|Any CPU
		{9E3CF2D4-C08B-4935-8630-F9B24FF9CE2E}.Debug|Any CPU.Build.0 = Debug|Any CPU
		{9E3CF2D4-C08B-4935-8630-F9B24FF9CE2E}.Debug|ARM.ActiveCfg = Debug|Any CPU
		{9E3CF2D4-C08B-4935-8630-F9B24FF9CE2E}.Debug|ARM.Build.0 = Debug|Any CPU
		{9E3CF2D4-C08B-4935-8630-F9B24FF9CE2E}.Debug|ARM64.ActiveCfg = Debug|Any CPU
		{9E3CF2D4-C08B-4935-8630-F9B24FF9CE2E}.Debug|ARM64.Build.0 = Debug|Any CPU
		{9E3CF2D4-C08B-4935-8630-F9B24FF9CE2E}.Debug|x64.ActiveCfg = Debug|Any CPU
		{9E3CF2D4-C08B-4935-8630-F9B24FF9CE2E}.Debug|x64.Build.0 = Debug|Any CPU
		{9E3CF2D4-C08B-4935-8630-F9B24FF9CE2E}.Debug|x86.ActiveCfg = Debug|Any CPU
		{9E3CF2D4-C08B-4935-8630-F9B24FF9CE2E}.Debug|x86.Build.0 = Debug|Any CPU
		{9E3CF2D4-C08B-4935-8630-F9B24FF9CE2E}.Release|Any CPU.ActiveCfg = Release|Any CPU
		{9E3CF2D4-C08B-4935-8630-F9B24FF9CE2E}.Release|Any CPU.Build.0 = Release|Any CPU
		{9E3CF2D4-C08B-4935-8630-F9B24FF9CE2E}.Release|ARM.ActiveCfg = Release|Any CPU
		{9E3CF2D4-C08B-4935-8630-F9B24FF9CE2E}.Release|ARM.Build.0 = Release|Any CPU
		{9E3CF2D4-C08B-4935-8630-F9B24FF9CE2E}.Release|ARM64.ActiveCfg = Release|Any CPU
		{9E3CF2D4-C08B-4935-8630-F9B24FF9CE2E}.Release|ARM64.Build.0 = Release|Any CPU
		{9E3CF2D4-C08B-4935-8630-F9B24FF9CE2E}.Release|x64.ActiveCfg = Release|Any CPU
		{9E3CF2D4-C08B-4935-8630-F9B24FF9CE2E}.Release|x64.Build.0 = Release|Any CPU
		{9E3CF2D4-C08B-4935-8630-F9B24FF9CE2E}.Release|x86.ActiveCfg = Release|Any CPU
		{9E3CF2D4-C08B-4935-8630-F9B24FF9CE2E}.Release|x86.Build.0 = Release|Any CPU
	EndGlobalSection
	GlobalSection(SolutionProperties) = preSolution
		HideSolutionNode = FALSE
	EndGlobalSection
	GlobalSection(ExtensibilityGlobals) = postSolution
		SolutionGuid = {8F36FC14-08D7-4996-AF65-73A1FB7CD6B2}
	EndGlobalSection
EndGlobal
